
Microsoft Visual Studio Solution File, Format Version 12.00
# Visual Studio Version 17
VisualStudioVersion = 17.2.32630.192
MinimumVisualStudioVersion = 10.0.40219.1
Project("{FAE04EC0-301F-11D3-BF4B-00C04F79EFBC}") = "MinimalApiCatalogo", "MinimalApiCatalogo.csproj", "{A15BBCA7-C061-4122-ACA0-EE60D60D68F8}"
EndProject
Global
	GlobalSection(SolutionConfigurationPlatforms) = preSolution
		Debug|Any CPU = Debug|Any CPU
		Release|Any CPU = Release|Any CPU
	EndGlobalSection
	GlobalSection(ProjectConfigurationPlatforms) = postSolution
		{A15BBCA7-C061-4122-ACA0-EE60D60D68F8}.Debug|Any CPU.ActiveCfg = Debug|Any CPU
		{A15BBCA7-C061-4122-ACA0-EE60D60D68F8}.Debug|Any CPU.Build.0 = Debug|Any CPU
		{A15BBCA7-C061-4122-ACA0-EE60D60D68F8}.Release|Any CPU.ActiveCfg = Release|Any CPU
		{A15BBCA7-C061-4122-ACA0-EE60D60D68F8}.Release|Any CPU.Build.0 = Release|Any CPU
	EndGlobalSection
	GlobalSection(SolutionProperties) = preSolution
		HideSolutionNode = FALSE
	EndGlobalSection
	GlobalSection(ExtensibilityGlobals) = postSolution
		SolutionGuid = {26296321-17AF-40C0-A16B-DE3E284A9826}
	EndGlobalSection
EndGlobal
